
Microsoft Visual Studio Solution File, Format Version 12.00
# Visual Studio Version 17
VisualStudioVersion = 17.8.34316.72
MinimumVisualStudioVersion = 10.0.40219.1
Project("{FAE04EC0-301F-11D3-BF4B-00C04F79EFBC}") = "InvoicePdfCreatorApp", "InvoicePdfCreatorApp.csproj", "{45523F47-B00B-4C52-9C9E-75573FC17112}"
EndProject
Global
	GlobalSection(SolutionConfigurationPlatforms) = preSolution
		Debug|Any CPU = Debug|Any CPU
		Release|Any CPU = Release|Any CPU
	EndGlobalSection
	GlobalSection(ProjectConfigurationPlatforms) = postSolution
		{45523F47-B00B-4C52-9C9E-75573FC17112}.Debug|Any CPU.ActiveCfg = Debug|Any CPU
		{45523F47-B00B-4C52-9C9E-75573FC17112}.Debug|Any CPU.Build.0 = Debug|Any CPU
		{45523F47-B00B-4C52-9C9E-75573FC17112}.Release|Any CPU.ActiveCfg = Release|Any CPU
		{45523F47-B00B-4C52-9C9E-75573FC17112}.Release|Any CPU.Build.0 = Release|Any CPU
	EndGlobalSection
	GlobalSection(SolutionProperties) = preSolution
		HideSolutionNode = FALSE
	EndGlobalSection
	GlobalSection(ExtensibilityGlobals) = postSolution
		SolutionGuid = {EDF50B2D-B56C-44FC-8B4D-80A804154B4C}
	EndGlobalSection
EndGlobal
